// !$*UTF8*$!
{
	archiveVersion = 1;
	classes = {
	};
	objectVersion = 52;
	objects = {

/* Begin PBXBuildFile section */
		04917F34257DD4830031637E /* AppDelegate.swift in Sources */ = {isa = PBXBuildFile; fileRef = 04917F33257DD4830031637E /* AppDelegate.swift */; };
		04917F38257DD4830031637E /* ViewController.swift in Sources */ = {isa = PBXBuildFile; fileRef = 04917F37257DD4830031637E /* ViewController.swift */; };
		04917F3B257DD4830031637E /* Main.storyboard in Resources */ = {isa = PBXBuildFile; fileRef = 04917F39257DD4830031637E /* Main.storyboard */; };
		04917F3D257DD4850031637E /* Assets.xcassets in Resources */ = {isa = PBXBuildFile; fileRef = 04917F3C257DD4850031637E /* Assets.xcassets */; };
		04917F40257DD4860031637E /* LaunchScreen.storyboard in Resources */ = {isa = PBXBuildFile; fileRef = 04917F3E257DD4860031637E /* LaunchScreen.storyboard */; };
		04917F4B257DD4860031637E /* ExampleTests.swift in Sources */ = {isa = PBXBuildFile; fileRef = 04917F4A257DD4860031637E /* ExampleTests.swift */; };
		04917F56257DD4860031637E /* ExampleUITests.swift in Sources */ = {isa = PBXBuildFile; fileRef = 04917F55257DD4860031637E /* ExampleUITests.swift */; };
		04917F68257DD4AC0031637E /* JKPlayer in Frameworks */ = {isa = PBXBuildFile; productRef = 04917F67257DD4AC0031637E /* JKPlayer */; };
/* End PBXBuildFile section */

/* Begin PBXContainerItemProxy section */
		04917F47257DD4860031637E /* PBXContainerItemProxy */ = {
			isa = PBXContainerItemProxy;
			containerPortal = 04917F28257DD4820031637E /* Project object */;
			proxyType = 1;
			remoteGlobalIDString = 04917F2F257DD4830031637E;
			remoteInfo = Example;
		};
		04917F52257DD4860031637E /* PBXContainerItemProxy */ = {
			isa = PBXContainerItemProxy;
			containerPortal = 04917F28257DD4820031637E /* Project object */;
			proxyType = 1;
			remoteGlobalIDString = 04917F2F257DD4830031637E;
			remoteInfo = Example;
		};
/* End PBXContainerItemProxy section */

/* Begin PBXFileReference section */
		04917F30257DD4830031637E /* Example.app */ = {isa = PBXFileReference; explicitFileType = wrapper.application; includeInIndex = 0; path = Example.app; sourceTree = BUILT_PRODUCTS_DIR; };
		04917F33257DD4830031637E /* AppDelegate.swift */ = {isa = PBXFileReference; lastKnownFileType = sourcecode.swift; path = AppDelegate.swift; sourceTree = "<group>"; };
		04917F37257DD4830031637E /* ViewController.swift */ = {isa = PBXFileReference; lastKnownFileType = sourcecode.swift; path = ViewController.swift; sourceTree = "<group>"; };
		04917F3A257DD4830031637E /* Base */ = {isa = PBXFileReference; lastKnownFileType = file.storyboard; name = Base; path = Base.lproj/Main.storyboard; sourceTree = "<group>"; };
		04917F3C257DD4850031637E /* Assets.xcassets */ = {isa = PBXFileReference; lastKnownFileType = folder.assetcatalog; path = Assets.xcassets; sourceTree = "<group>"; };
		04917F3F257DD4860031637E /* Base */ = {isa = PBXFileReference; lastKnownFileType = file.storyboard; name = Base; path = Base.lproj/LaunchScreen.storyboard; sourceTree = "<group>"; };
		04917F41257DD4860031637E /* Info.plist */ = {isa = PBXFileReference; lastKnownFileType = text.plist.xml; path = Info.plist; sourceTree = "<group>"; };
		04917F46257DD4860031637E /* ExampleTests.xctest */ = {isa = PBXFileReference; explicitFileType = wrapper.cfbundle; includeInIndex = 0; path = ExampleTests.xctest; sourceTree = BUILT_PRODUCTS_DIR; };
		04917F4A257DD4860031637E /* ExampleTests.swift */ = {isa = PBXFileReference; lastKnownFileType = sourcecode.swift; path = ExampleTests.swift; sourceTree = "<group>"; };
		04917F4C257DD4860031637E /* Info.plist */ = {isa = PBXFileReference; lastKnownFileType = text.plist.xml; path = Info.plist; sourceTree = "<group>"; };
		04917F51257DD4860031637E /* ExampleUITests.xctest */ = {isa = PBXFileReference; explicitFileType = wrapper.cfbundle; includeInIndex = 0; path = ExampleUITests.xctest; sourceTree = BUILT_PRODUCTS_DIR; };
		04917F55257DD4860031637E /* ExampleUITests.swift */ = {isa = PBXFileReference; lastKnownFileType = sourcecode.swift; path = ExampleUITests.swift; sourceTree = "<group>"; };
		04917F57257DD4860031637E /* Info.plist */ = {isa = PBXFileReference; lastKnownFileType = text.plist.xml; path = Info.plist; sourceTree = "<group>"; };
/* End PBXFileReference section */

/* Begin PBXFrameworksBuildPhase section */
		04917F2D257DD4830031637E /* Frameworks */ = {
			isa = PBXFrameworksBuildPhase;
			buildActionMask = 2147483647;
			files = (
				04917F68257DD4AC0031637E /* JKPlayer in Frameworks */,
			);
			runOnlyForDeploymentPostprocessing = 0;
		};
		04917F43257DD4860031637E /* Frameworks */ = {
			isa = PBXFrameworksBuildPhase;
			buildActionMask = 2147483647;
			files = (
			);
			runOnlyForDeploymentPostprocessing = 0;
		};
		04917F4E257DD4860031637E /* Frameworks */ = {
			isa = PBXFrameworksBuildPhase;
			buildActionMask = 2147483647;
			files = (
			);
			runOnlyForDeploymentPostprocessing = 0;
		};
/* End PBXFrameworksBuildPhase section */

/* Begin PBXGroup section */
		04917F27257DD4820031637E = {
			isa = PBXGroup;
			children = (
				04917F32257DD4830031637E /* Example */,
				04917F49257DD4860031637E /* ExampleTests */,
				04917F54257DD4860031637E /* ExampleUITests */,
				04917F31257DD4830031637E /* Products */,
				04917F66257DD4AC0031637E /* Frameworks */,
			);
			sourceTree = "<group>";
		};
		04917F31257DD4830031637E /* Products */ = {
			isa = PBXGroup;
			children = (
				04917F30257DD4830031637E /* Example.app */,
				04917F46257DD4860031637E /* ExampleTests.xctest */,
				04917F51257DD4860031637E /* ExampleUITests.xctest */,
			);
			name = Products;
			sourceTree = "<group>";
		};
		04917F32257DD4830031637E /* Example */ = {
			isa = PBXGroup;
			children = (
				04917F33257DD4830031637E /* AppDelegate.swift */,
				04917F37257DD4830031637E /* ViewController.swift */,
				04917F39257DD4830031637E /* Main.storyboard */,
				04917F3C257DD4850031637E /* Assets.xcassets */,
				04917F3E257DD4860031637E /* LaunchScreen.storyboard */,
				04917F41257DD4860031637E /* Info.plist */,
			);
			path = Example;
			sourceTree = "<group>";
		};
		04917F49257DD4860031637E /* ExampleTests */ = {
			isa = PBXGroup;
			children = (
				04917F4A257DD4860031637E /* ExampleTests.swift */,
				04917F4C257DD4860031637E /* Info.plist */,
			);
			path = ExampleTests;
			sourceTree = "<group>";
		};
		04917F54257DD4860031637E /* ExampleUITests */ = {
			isa = PBXGroup;
			children = (
				04917F55257DD4860031637E /* ExampleUITests.swift */,
				04917F57257DD4860031637E /* Info.plist */,
			);
			path = ExampleUITests;
			sourceTree = "<group>";
		};
		04917F66257DD4AC0031637E /* Frameworks */ = {
			isa = PBXGroup;
			children = (
			);
			name = Frameworks;
			sourceTree = "<group>";
		};
/* End PBXGroup section */

/* Begin PBXNativeTarget section */
		04917F2F257DD4830031637E /* Example */ = {
			isa = PBXNativeTarget;
			buildConfigurationList = 04917F5A257DD4860031637E /* Build configuration list for PBXNativeTarget "Example" */;
			buildPhases = (
				04917F2C257DD4830031637E /* Sources */,
				04917F2D257DD4830031637E /* Frameworks */,
				04917F2E257DD4830031637E /* Resources */,
			);
			buildRules = (
			);
			dependencies = (
			);
			name = Example;
			packageProductDependencies = (
				04917F67257DD4AC0031637E /* JKPlayer */,
			);
			productName = Example;
			productReference = 04917F30257DD4830031637E /* Example.app */;
			productType = "com.apple.product-type.application";
		};
		04917F45257DD4860031637E /* ExampleTests */ = {
			isa = PBXNativeTarget;
			buildConfigurationList = 04917F5D257DD4860031637E /* Build configuration list for PBXNativeTarget "ExampleTests" */;
			buildPhases = (
				04917F42257DD4860031637E /* Sources */,
				04917F43257DD4860031637E /* Frameworks */,
				04917F44257DD4860031637E /* Resources */,
			);
			buildRules = (
			);
			dependencies = (
				04917F48257DD4860031637E /* PBXTargetDependency */,
			);
			name = ExampleTests;
			productName = ExampleTests;
			productReference = 04917F46257DD4860031637E /* ExampleTests.xctest */;
			productType = "com.apple.product-type.bundle.unit-test";
		};
		04917F50257DD4860031637E /* ExampleUITests */ = {
			isa = PBXNativeTarget;
			buildConfigurationList = 04917F60257DD4860031637E /* Build configuration list for PBXNativeTarget "ExampleUITests" */;
			buildPhases = (
				04917F4D257DD4860031637E /* Sources */,
				04917F4E257DD4860031637E /* Frameworks */,
				04917F4F257DD4860031637E /* Resources */,
			);
			buildRules = (
			);
			dependencies = (
				04917F53257DD4860031637E /* PBXTargetDependency */,
			);
			name = ExampleUITests;
			productName = ExampleUITests;
			productReference = 04917F51257DD4860031637E /* ExampleUITests.xctest */;
			productType = "com.apple.product-type.bundle.ui-testing";
		};
/* End PBXNativeTarget section */

/* Begin PBXProject section */
		04917F28257DD4820031637E /* Project object */ = {
			isa = PBXProject;
			attributes = {
				LastSwiftUpdateCheck = 1210;
				LastUpgradeCheck = 1210;
				TargetAttributes = {
					04917F2F257DD4830031637E = {
						CreatedOnToolsVersion = 12.1;
					};
					04917F45257DD4860031637E = {
						CreatedOnToolsVersion = 12.1;
						TestTargetID = 04917F2F257DD4830031637E;
					};
					04917F50257DD4860031637E = {
						CreatedOnToolsVersion = 12.1;
						TestTargetID = 04917F2F257DD4830031637E;
					};
				};
			};
			buildConfigurationList = 04917F2B257DD4830031637E /* Build configuration list for PBXProject "Example" */;
			compatibilityVersion = "Xcode 9.3";
			developmentRegion = en;
			hasScannedForEncodings = 0;
			knownRegions = (
				en,
				Base,
			);
			mainGroup = 04917F27257DD4820031637E;
			productRefGroup = 04917F31257DD4830031637E /* Products */;
			projectDirPath = "";
			projectRoot = "";
			targets = (
				04917F2F257DD4830031637E /* Example */,
				04917F45257DD4860031637E /* ExampleTests */,
				04917F50257DD4860031637E /* ExampleUITests */,
			);
		};
/* End PBXProject section */

/* Begin PBXResourcesBuildPhase section */
		04917F2E257DD4830031637E /* Resources */ = {
			isa = PBXResourcesBuildPhase;
			buildActionMask = 2147483647;
			files = (
				04917F40257DD4860031637E /* LaunchScreen.storyboard in Resources */,
				04917F3D257DD4850031637E /* Assets.xcassets in Resources */,
				04917F3B257DD4830031637E /* Main.storyboard in Resources */,
			);
			runOnlyForDeploymentPostprocessing = 0;
		};
		04917F44257DD4860031637E /* Resources */ = {
			isa = PBXResourcesBuildPhase;
			buildActionMask = 2147483647;
			files = (
			);
			runOnlyForDeploymentPostprocessing = 0;
		};
		04917F4F257DD4860031637E /* Resources */ = {
			isa = PBXResourcesBuildPhase;
			buildActionMask = 2147483647;
			files = (
			);
			runOnlyForDeploymentPostprocessing = 0;
		};
/* End PBXResourcesBuildPhase section */

/* Begin PBXSourcesBuildPhase section */
		04917F2C257DD4830031637E /* Sources */ = {
			isa = PBXSourcesBuildPhase;
			buildActionMask = 2147483647;
			files = (
				04917F38257DD4830031637E /* ViewController.swift in Sources */,
				04917F34257DD4830031637E /* AppDelegate.swift in Sources */,
			);
			runOnlyForDeploymentPostprocessing = 0;
		};
		04917F42257DD4860031637E /* Sources */ = {
			isa = PBXSourcesBuildPhase;
			buildActionMask = 2147483647;
			files = (
				04917F4B257DD4860031637E /* ExampleTests.swift in Sources */,
			);
			runOnlyForDeploymentPostprocessing = 0;
		};
		04917F4D257DD4860031637E /* Sources */ = {
			isa = PBXSourcesBuildPhase;
			buildActionMask = 2147483647;
			files = (
				04917F56257DD4860031637E /* ExampleUITests.swift in Sources */,
			);
			runOnlyForDeploymentPostprocessing = 0;
		};
/* End PBXSourcesBuildPhase section */

/* Begin PBXTargetDependency section */
		04917F48257DD4860031637E /* PBXTargetDependency */ = {
			isa = PBXTargetDependency;
			target = 04917F2F257DD4830031637E /* Example */;
			targetProxy = 04917F47257DD4860031637E /* PBXContainerItemProxy */;
		};
		04917F53257DD4860031637E /* PBXTargetDependency */ = {
			isa = PBXTargetDependency;
			target = 04917F2F257DD4830031637E /* Example */;
			targetProxy = 04917F52257DD4860031637E /* PBXContainerItemProxy */;
		};
/* End PBXTargetDependency section */

/* Begin PBXVariantGroup section */
		04917F39257DD4830031637E /* Main.storyboard */ = {
			isa = PBXVariantGroup;
			children = (
				04917F3A257DD4830031637E /* Base */,
			);
			name = Main.storyboard;
			sourceTree = "<group>";
		};
		04917F3E257DD4860031637E /* LaunchScreen.storyboard */ = {
			isa = PBXVariantGroup;
			children = (
				04917F3F257DD4860031637E /* Base */,
			);
			name = LaunchScreen.storyboard;
			sourceTree = "<group>";
		};
/* End PBXVariantGroup section */

/* Begin XCBuildConfiguration section */
		04917F58257DD4860031637E /* Debug */ = {
			isa = XCBuildConfiguration;
			buildSettings = {
				ALWAYS_SEARCH_USER_PATHS = NO;
				CLANG_ANALYZER_NONNULL = YES;
				CLANG_ANALYZER_NUMBER_OBJECT_CONVERSION = YES_AGGRESSIVE;
				CLANG_CXX_LANGUAGE_STANDARD = "gnu++14";
				CLANG_CXX_LIBRARY = "libc++";
				CLANG_ENABLE_MODULES = YES;
				CLANG_ENABLE_OBJC_ARC = YES;
				CLANG_ENABLE_OBJC_WEAK = YES;
				CLANG_WARN_BLOCK_CAPTURE_AUTORELEASING = YES;
				CLANG_WARN_BOOL_CONVERSION = YES;
				CLANG_WARN_COMMA = YES;
				CLANG_WARN_CONSTANT_CONVERSION = YES;
				CLANG_WARN_DEPRECATED_OBJC_IMPLEMENTATIONS = YES;
				CLANG_WARN_DIRECT_OBJC_ISA_USAGE = YES_ERROR;
				CLANG_WARN_DOCUMENTATION_COMMENTS = YES;
				CLANG_WARN_EMPTY_BODY = YES;
				CLANG_WARN_ENUM_CONVERSION = YES;
				CLANG_WARN_INFINITE_RECURSION = YES;
				CLANG_WARN_INT_CONVERSION = YES;
				CLANG_WARN_NON_LITERAL_NULL_CONVERSION = YES;
				CLANG_WARN_OBJC_IMPLICIT_RETAIN_SELF = YES;
				CLANG_WARN_OBJC_LITERAL_CONVERSION = YES;
				CLANG_WARN_OBJC_ROOT_CLASS = YES_ERROR;
				CLANG_WARN_QUOTED_INCLUDE_IN_FRAMEWORK_HEADER = YES;
				CLANG_WARN_RANGE_LOOP_ANALYSIS = YES;
				CLANG_WARN_STRICT_PROTOTYPES = YES;
				CLANG_WARN_SUSPICIOUS_MOVE = YES;
				CLANG_WARN_UNGUARDED_AVAILABILITY = YES_AGGRESSIVE;
				CLANG_WARN_UNREACHABLE_CODE = YES;
				CLANG_WARN__DUPLICATE_METHOD_MATCH = YES;
				COPY_PHASE_STRIP = NO;
				DEBUG_INFORMATION_FORMAT = dwarf;
				ENABLE_STRICT_OBJC_MSGSEND = YES;
				ENABLE_TESTABILITY = YES;
				GCC_C_LANGUAGE_STANDARD = gnu11;
				GCC_DYNAMIC_NO_PIC = NO;
				GCC_NO_COMMON_BLOCKS = YES;
				GCC_OPTIMIZATION_LEVEL = 0;
				GCC_PREPROCESSOR_DEFINITIONS = (
					"DEBUG=1",
					"$(inherited)",
				);
				GCC_WARN_64_TO_32_BIT_CONVERSION = YES;
				GCC_WARN_ABOUT_RETURN_TYPE = YES_ERROR;
				GCC_WARN_UNDECLARED_SELECTOR = YES;
				GCC_WARN_UNINITIALIZED_AUTOS = YES_AGGRESSIVE;
				GCC_WARN_UNUSED_FUNCTION = YES;
				GCC_WARN_UNUSED_VARIABLE = YES;
				IPHONEOS_DEPLOYMENT_TARGET = 14.1;
				MTL_ENABLE_DEBUG_INFO = INCLUDE_SOURCE;
				MTL_FAST_MATH = YES;
				ONLY_ACTIVE_ARCH = YES;
				SDKROOT = iphoneos;
				SWIFT_ACTIVE_COMPILATION_CONDITIONS = DEBUG;
				SWIFT_OPTIMIZATION_LEVEL = "-Onone";
			};
			name = Debug;
		};
		04917F59257DD4860031637E /* Release */ = {
			isa = XCBuildConfiguration;
			buildSettings = {
				ALWAYS_SEARCH_USER_PATHS = NO;
				CLANG_ANALYZER_NONNULL = YES;
				CLANG_ANALYZER_NUMBER_OBJECT_CONVERSION = YES_AGGRESSIVE;
				CLANG_CXX_LANGUAGE_STANDARD = "gnu++14";
				CLANG_CXX_LIBRARY = "libc++";
				CLANG_ENABLE_MODULES = YES;
				CLANG_ENABLE_OBJC_ARC = YES;
				CLANG_ENABLE_OBJC_WEAK = YES;
				CLANG_WARN_BLOCK_CAPTURE_AUTORELEASING = YES;
				CLANG_WARN_BOOL_CONVERSION = YES;
				CLANG_WARN_COMMA = YES;
				CLANG_WARN_CONSTANT_CONVERSION = YES;
				CLANG_WARN_DEPRECATED_OBJC_IMPLEMENTATIONS = YES;
				CLANG_WARN_DIRECT_OBJC_ISA_USAGE = YES_ERROR;
				CLANG_WARN_DOCUMENTATION_COMMENTS = YES;
				CLANG_WARN_EMPTY_BODY = YES;
				CLANG_WARN_ENUM_CONVERSION = YES;
				CLANG_WARN_INFINITE_RECURSION = YES;
				CLANG_WARN_INT_CONVERSION = YES;
				CLANG_WARN_NON_LITERAL_NULL_CONVERSION = YES;
				CLANG_WARN_OBJC_IMPLICIT_RETAIN_SELF = YES;
				CLANG_WARN_OBJC_LITERAL_CONVERSION = YES;
				CLANG_WARN_OBJC_ROOT_CLASS = YES_ERROR;
				CLANG_WARN_QUOTED_INCLUDE_IN_FRAMEWORK_HEADER = YES;
				CLANG_WARN_RANGE_LOOP_ANALYSIS = YES;
				CLANG_WARN_STRICT_PROTOTYPES = YES;
				CLANG_WARN_SUSPICIOUS_MOVE = YES;
				CLANG_WARN_UNGUARDED_AVAILABILITY = YES_AGGRESSIVE;
				CLANG_WARN_UNREACHABLE_CODE = YES;
				CLANG_WARN__DUPLICATE_METHOD_MATCH = YES;
				COPY_PHASE_STRIP = NO;
				DEBUG_INFORMATION_FORMAT = "dwarf-with-dsym";
				ENABLE_NS_ASSERTIONS = NO;
				ENABLE_STRICT_OBJC_MSGSEND = YES;
				GCC_C_LANGUAGE_STANDARD = gnu11;
				GCC_NO_COMMON_BLOCKS = YES;
				GCC_WARN_64_TO_32_BIT_CONVERSION = YES;
				GCC_WARN_ABOUT_RETURN_TYPE = YES_ERROR;
				GCC_WARN_UNDECLARED_SELECTOR = YES;
				GCC_WARN_UNINITIALIZED_AUTOS = YES_AGGRESSIVE;
				GCC_WARN_UNUSED_FUNCTION = YES;
				GCC_WARN_UNUSED_VARIABLE = YES;
				IPHONEOS_DEPLOYMENT_TARGET = 14.1;
				MTL_ENABLE_DEBUG_INFO = NO;
				MTL_FAST_MATH = YES;
				SDKROOT = iphoneos;
				SWIFT_COMPILATION_MODE = wholemodule;
				SWIFT_OPTIMIZATION_LEVEL = "-O";
				VALIDATE_PRODUCT = YES;
			};
			name = Release;
		};
		04917F5B257DD4860031637E /* Debug */ = {
			isa = XCBuildConfiguration;
			buildSettings = {
				ASSETCATALOG_COMPILER_APPICON_NAME = AppIcon;
				ASSETCATALOG_COMPILER_GLOBAL_ACCENT_COLOR_NAME = AccentColor;
				CODE_SIGN_STYLE = Automatic;
				DEVELOPMENT_TEAM = 69VF5T55UA;
				INFOPLIST_FILE = Example/Info.plist;
				IPHONEOS_DEPLOYMENT_TARGET = 10.0;
				LD_RUNPATH_SEARCH_PATHS = (
					"$(inherited)",
					"@executable_path/Frameworks",
				);
				PRODUCT_BUNDLE_IDENTIFIER = com.junky.Example;
				PRODUCT_NAME = "$(TARGET_NAME)";
				SWIFT_VERSION = 5.0;
				TARGETED_DEVICE_FAMILY = "1,2";
			};
			name = Debug;
		};
		04917F5C257DD4860031637E /* Release */ = {
			isa = XCBuildConfiguration;
			buildSettings = {
				ASSETCATALOG_COMPILER_APPICON_NAME = AppIcon;
				ASSETCATALOG_COMPILER_GLOBAL_ACCENT_COLOR_NAME = AccentColor;
				CODE_SIGN_STYLE = Automatic;
				DEVELOPMENT_TEAM = 69VF5T55UA;
				INFOPLIST_FILE = Example/Info.plist;
				IPHONEOS_DEPLOYMENT_TARGET = 10.0;
				LD_RUNPATH_SEARCH_PATHS = (
					"$(inherited)",
					"@executable_path/Frameworks",
				);
				PRODUCT_BUNDLE_IDENTIFIER = com.junky.Example;
				PRODUCT_NAME = "$(TARGET_NAME)";
				SWIFT_VERSION = 5.0;
				TARGETED_DEVICE_FAMILY = "1,2";
			};
			name = Release;
		};
		04917F5E257DD4860031637E /* Debug */ = {
			isa = XCBuildConfiguration;
			buildSettings = {
				ALWAYS_EMBED_SWIFT_STANDARD_LIBRARIES = YES;
				BUNDLE_LOADER = "$(TEST_HOST)";
				CODE_SIGN_STYLE = Automatic;
				DEVELOPMENT_TEAM = 69VF5T55UA;
				INFOPLIST_FILE = ExampleTests/Info.plist;
				IPHONEOS_DEPLOYMENT_TARGET = 14.1;
				LD_RUNPATH_SEARCH_PATHS = (
					"$(inherited)",
					"@executable_path/Frameworks",
					"@loader_path/Frameworks",
				);
				PRODUCT_BUNDLE_IDENTIFIER = com.junky.ExampleTests;
				PRODUCT_NAME = "$(TARGET_NAME)";
				SWIFT_VERSION = 5.0;
				TARGETED_DEVICE_FAMILY = "1,2";
				TEST_HOST = "$(BUILT_PRODUCTS_DIR)/Example.app/Example";
			};
			name = Debug;
		};
		04917F5F257DD4860031637E /* Release */ = {
			isa = XCBuildConfiguration;
			buildSettings = {
				ALWAYS_EMBED_SWIFT_STANDARD_LIBRARIES = YES;
				BUNDLE_LOADER = "$(TEST_HOST)";
				CODE_SIGN_STYLE = Automatic;
				DEVELOPMENT_TEAM = 69VF5T55UA;
				INFOPLIST_FILE = ExampleTests/Info.plist;
				IPHONEOS_DEPLOYMENT_TARGET = 14.1;
				LD_RUNPATH_SEARCH_PATHS = (
					"$(inherited)",
					"@executable_path/Frameworks",
					"@loader_path/Frameworks",
				);
				PRODUCT_BUNDLE_IDENTIFIER = com.junky.ExampleTests;
				PRODUCT_NAME = "$(TARGET_NAME)";
				SWIFT_VERSION = 5.0;
				TARGETED_DEVICE_FAMILY = "1,2";
				TEST_HOST = "$(BUILT_PRODUCTS_DIR)/Example.app/Example";
			};
			name = Release;
		};
		04917F61257DD4860031637E /* Debug */ = {
			isa = XCBuildConfiguration;
			buildSettings = {
				ALWAYS_EMBED_SWIFT_STANDARD_LIBRARIES = YES;
				CODE_SIGN_STYLE = Automatic;
				DEVELOPMENT_TEAM = 69VF5T55UA;
				INFOPLIST_FILE = ExampleUITests/Info.plist;
				LD_RUNPATH_SEARCH_PATHS = (
					"$(inherited)",
					"@executable_path/Frameworks",
					"@loader_path/Frameworks",
				);
				PRODUCT_BUNDLE_IDENTIFIER = com.junky.ExampleUITests;
				PRODUCT_NAME = "$(TARGET_NAME)";
				SWIFT_VERSION = 5.0;
				TARGETED_DEVICE_FAMILY = "1,2";
				TEST_TARGET_NAME = Example;
			};
			name = Debug;
		};
		04917F62257DD4860031637E /* Release */ = {
			isa = XCBuildConfiguration;
			buildSettings = {
				ALWAYS_EMBED_SWIFT_STANDARD_LIBRARIES = YES;
				CODE_SIGN_STYLE = Automatic;
				DEVELOPMENT_TEAM = 69VF5T55UA;
				INFOPLIST_FILE = ExampleUITests/Info.plist;
				LD_RUNPATH_SEARCH_PATHS = (
					"$(inherited)",
					"@executable_path/Frameworks",
					"@loader_path/Frameworks",
				);
				PRODUCT_BUNDLE_IDENTIFIER = com.junky.ExampleUITests;
				PRODUCT_NAME = "$(TARGET_NAME)";
				SWIFT_VERSION = 5.0;
				TARGETED_DEVICE_FAMILY = "1,2";
				TEST_TARGET_NAME = Example;
			};
			name = Release;
		};
/* End XCBuildConfiguration section */

/* Begin XCConfigurationList section */
		04917F2B257DD4830031637E /* Build configuration list for PBXProject "Example" */ = {
			isa = XCConfigurationList;
			buildConfigurations = (
				04917F58257DD4860031637E /* Debug */,
				04917F59257DD4860031637E /* Release */,
			);
			defaultConfigurationIsVisible = 0;
			defaultConfigurationName = Release;
		};
		04917F5A257DD4860031637E /* Build configuration list for PBXNativeTarget "Example" */ = {
			isa = XCConfigurationList;
			buildConfigurations = (
				04917F5B257DD4860031637E /* Debug */,
				04917F5C257DD4860031637E /* Release */,
			);
			defaultConfigurationIsVisible = 0;
			defaultConfigurationName = Release;
		};
		04917F5D257DD4860031637E /* Build configuration list for PBXNativeTarget "ExampleTests" */ = {
			isa = XCConfigurationList;
			buildConfigurations = (
				04917F5E257DD4860031637E /* Debug */,
				04917F5F257DD4860031637E /* Release */,
			);
			defaultConfigurationIsVisible = 0;
			defaultConfigurationName = Release;
		};
		04917F60257DD4860031637E /* Build configuration list for PBXNativeTarget "ExampleUITests" */ = {
			isa = XCConfigurationList;
			buildConfigurations = (
				04917F61257DD4860031637E /* Debug */,
				04917F62257DD4860031637E /* Release */,
			);
			defaultConfigurationIsVisible = 0;
			defaultConfigurationName = Release;
		};
/* End XCConfigurationList section */

/* Begin XCSwiftPackageProductDependency section */
		04917F67257DD4AC0031637E /* JKPlayer */ = {
			isa = XCSwiftPackageProductDependency;
			productName = JKPlayer;
		};
/* End XCSwiftPackageProductDependency section */
	};
	rootObject = 04917F28257DD4820031637E /* Project object */;
}
